
Microsoft Visual Studio Solution File, Format Version 12.00
# Visual Studio Version 16
VisualStudioVersion = 16.0.28516.95
MinimumVisualStudioVersion = 10.0.40219.1
Project("{FAE04EC0-301F-11D3-BF4B-00C04F79EFBC}") = "WhatsUpguys", "WhatsUpguys\WhatsUpguys.csproj", "{219800CC-1799-4BA8-B7C4-EBADD9F2AD9F}"
EndProject
Global
	GlobalSection(SolutionConfigurationPlatforms) = preSolution
		Debug|Any CPU = Debug|Any CPU
		Release|Any CPU = Release|Any CPU
	EndGlobalSection
	GlobalSection(ProjectConfigurationPlatforms) = postSolution
		{219800CC-1799-4BA8-B7C4-EBADD9F2AD9F}.Debug|Any CPU.ActiveCfg = Debug|Any CPU
		{219800CC-1799-4BA8-B7C4-EBADD9F2AD9F}.Debug|Any CPU.Build.0 = Debug|Any CPU
		{219800CC-1799-4BA8-B7C4-EBADD9F2AD9F}.Release|Any CPU.ActiveCfg = Release|Any CPU
		{219800CC-1799-4BA8-B7C4-EBADD9F2AD9F}.Release|Any CPU.Build.0 = Release|Any CPU
	EndGlobalSection
	GlobalSection(SolutionProperties) = preSolution
		HideSolutionNode = FALSE
	EndGlobalSection
	GlobalSection(ExtensibilityGlobals) = postSolution
		SolutionGuid = {50857A38-9E93-4C32-A310-298E072208C2}
	EndGlobalSection
EndGlobal
